// !$*UTF8*$!
{
	archiveVersion = 1;
	classes = {
	};
	objectVersion = 55;
	objects = {

/* Begin PBXBuildFile section */
		70DF78D1289C1FD7002B40CA /* AppDelegate.swift in Sources */ = {isa = PBXBuildFile; fileRef = 70DF78D0289C1FD7002B40CA /* AppDelegate.swift */; };
		70DF78D3289C1FD7002B40CA /* SceneDelegate.swift in Sources */ = {isa = PBXBuildFile; fileRef = 70DF78D2289C1FD7002B40CA /* SceneDelegate.swift */; };
		70DF78D5289C1FD7002B40CA /* MakerViewController.swift in Sources */ = {isa = PBXBuildFile; fileRef = 70DF78D4289C1FD7002B40CA /* MakerViewController.swift */; };
		70DF78D8289C1FD7002B40CA /* Main.storyboard in Resources */ = {isa = PBXBuildFile; fileRef = 70DF78D6289C1FD7002B40CA /* Main.storyboard */; };
		70DF78DA289C1FD9002B40CA /* Assets.xcassets in Resources */ = {isa = PBXBuildFile; fileRef = 70DF78D9289C1FD9002B40CA /* Assets.xcassets */; };
		70DF78DD289C1FD9002B40CA /* LaunchScreen.storyboard in Resources */ = {isa = PBXBuildFile; fileRef = 70DF78DB289C1FD9002B40CA /* LaunchScreen.storyboard */; };
		70DF78E5289C30D4002B40CA /* SavedViewController.swift in Sources */ = {isa = PBXBuildFile; fileRef = 70DF78E4289C30D4002B40CA /* SavedViewController.swift */; };
		70DF825A28A4088F00D3CCC6 /* GroupsMakerTableViewController.swift in Sources */ = {isa = PBXBuildFile; fileRef = 70DF825928A4088F00D3CCC6 /* GroupsMakerTableViewController.swift */; };
		70E3D47F28A6B7B800FE64D3 /* GetDaysViewController.swift in Sources */ = {isa = PBXBuildFile; fileRef = 70E3D47E28A6B7B800FE64D3 /* GetDaysViewController.swift */; };
		70EBEBCA28A5609700BB472B /* GroupHourGetterViewController.swift in Sources */ = {isa = PBXBuildFile; fileRef = 70EBEBC928A5609700BB472B /* GroupHourGetterViewController.swift */; };
/* End PBXBuildFile section */

/* Begin PBXFileReference section */
		70DF78CD289C1FD7002B40CA /* scheduler.app */ = {isa = PBXFileReference; explicitFileType = wrapper.application; includeInIndex = 0; path = scheduler.app; sourceTree = BUILT_PRODUCTS_DIR; };
		70DF78D0289C1FD7002B40CA /* AppDelegate.swift */ = {isa = PBXFileReference; lastKnownFileType = sourcecode.swift; path = AppDelegate.swift; sourceTree = "<group>"; };
		70DF78D2289C1FD7002B40CA /* SceneDelegate.swift */ = {isa = PBXFileReference; lastKnownFileType = sourcecode.swift; path = SceneDelegate.swift; sourceTree = "<group>"; };
		70DF78D4289C1FD7002B40CA /* MakerViewController.swift */ = {isa = PBXFileReference; lastKnownFileType = sourcecode.swift; path = MakerViewController.swift; sourceTree = "<group>"; };
		70DF78D7289C1FD7002B40CA /* Base */ = {isa = PBXFileReference; lastKnownFileType = file.storyboard; name = Base; path = Base.lproj/Main.storyboard; sourceTree = "<group>"; };
		70DF78D9289C1FD9002B40CA /* Assets.xcassets */ = {isa = PBXFileReference; lastKnownFileType = folder.assetcatalog; path = Assets.xcassets; sourceTree = "<group>"; };
		70DF78DC289C1FD9002B40CA /* Base */ = {isa = PBXFileReference; lastKnownFileType = file.storyboard; name = Base; path = Base.lproj/LaunchScreen.storyboard; sourceTree = "<group>"; };
		70DF78DE289C1FD9002B40CA /* Info.plist */ = {isa = PBXFileReference; lastKnownFileType = text.plist.xml; path = Info.plist; sourceTree = "<group>"; };
		70DF78E4289C30D4002B40CA /* SavedViewController.swift */ = {isa = PBXFileReference; lastKnownFileType = sourcecode.swift; path = SavedViewController.swift; sourceTree = "<group>"; };
		70DF825928A4088F00D3CCC6 /* GroupsMakerTableViewController.swift */ = {isa = PBXFileReference; lastKnownFileType = sourcecode.swift; path = GroupsMakerTableViewController.swift; sourceTree = "<group>"; };
		70E3D47E28A6B7B800FE64D3 /* GetDaysViewController.swift */ = {isa = PBXFileReference; lastKnownFileType = sourcecode.swift; name = GetDaysViewController.swift; path = scheduler/GetDaysViewController.swift; sourceTree = "<group>"; };
		70EBEBC928A5609700BB472B /* GroupHourGetterViewController.swift */ = {isa = PBXFileReference; lastKnownFileType = sourcecode.swift; path = GroupHourGetterViewController.swift; sourceTree = "<group>"; };
/* End PBXFileReference section */

/* Begin PBXFrameworksBuildPhase section */
		70DF78CA289C1FD7002B40CA /* Frameworks */ = {
			isa = PBXFrameworksBuildPhase;
			buildActionMask = 2147483647;
			files = (
			);
			runOnlyForDeploymentPostprocessing = 0;
		};
/* End PBXFrameworksBuildPhase section */

/* Begin PBXGroup section */
		70DF78C4289C1FD7002B40CA = {
			isa = PBXGroup;
			children = (
				70E3D47E28A6B7B800FE64D3 /* GetDaysViewController.swift */,
				70DF78CF289C1FD7002B40CA /* scheduler */,
				70DF78CE289C1FD7002B40CA /* Products */,
			);
			sourceTree = "<group>";
		};
		70DF78CE289C1FD7002B40CA /* Products */ = {
			isa = PBXGroup;
			children = (
				70DF78CD289C1FD7002B40CA /* scheduler.app */,
			);
			name = Products;
			sourceTree = "<group>";
		};
		70DF78CF289C1FD7002B40CA /* scheduler */ = {
			isa = PBXGroup;
			children = (
				70DF78D0289C1FD7002B40CA /* AppDelegate.swift */,
				70EBEBC928A5609700BB472B /* GroupHourGetterViewController.swift */,
				70DF78D2289C1FD7002B40CA /* SceneDelegate.swift */,
				70DF78D4289C1FD7002B40CA /* MakerViewController.swift */,
				70DF78D6289C1FD7002B40CA /* Main.storyboard */,
				70DF78E4289C30D4002B40CA /* SavedViewController.swift */,
				70DF78D9289C1FD9002B40CA /* Assets.xcassets */,
				70DF78DB289C1FD9002B40CA /* LaunchScreen.storyboard */,
				70DF78DE289C1FD9002B40CA /* Info.plist */,
				70DF825928A4088F00D3CCC6 /* GroupsMakerTableViewController.swift */,
			);
			path = scheduler;
			sourceTree = "<group>";
		};
/* End PBXGroup section */

/* Begin PBXNativeTarget section */
		70DF78CC289C1FD7002B40CA /* scheduler */ = {
			isa = PBXNativeTarget;
			buildConfigurationList = 70DF78E1289C1FD9002B40CA /* Build configuration list for PBXNativeTarget "scheduler" */;
			buildPhases = (
				70DF78C9289C1FD7002B40CA /* Sources */,
				70DF78CA289C1FD7002B40CA /* Frameworks */,
				70DF78CB289C1FD7002B40CA /* Resources */,
			);
			buildRules = (
			);
			dependencies = (
			);
			name = scheduler;
			productName = scheduler;
			productReference = 70DF78CD289C1FD7002B40CA /* scheduler.app */;
			productType = "com.apple.product-type.application";
		};
/* End PBXNativeTarget section */

/* Begin PBXProject section */
		70DF78C5289C1FD7002B40CA /* Project object */ = {
			isa = PBXProject;
			attributes = {
				BuildIndependentTargetsInParallel = 1;
				LastSwiftUpdateCheck = 1340;
				LastUpgradeCheck = 1340;
				TargetAttributes = {
					70DF78CC289C1FD7002B40CA = {
						CreatedOnToolsVersion = 13.4.1;
					};
				};
			};
			buildConfigurationList = 70DF78C8289C1FD7002B40CA /* Build configuration list for PBXProject "scheduler" */;
			compatibilityVersion = "Xcode 13.0";
			developmentRegion = en;
			hasScannedForEncodings = 0;
			knownRegions = (
				en,
				Base,
			);
			mainGroup = 70DF78C4289C1FD7002B40CA;
			productRefGroup = 70DF78CE289C1FD7002B40CA /* Products */;
			projectDirPath = "";
			projectRoot = "";
			targets = (
				70DF78CC289C1FD7002B40CA /* scheduler */,
			);
		};
/* End PBXProject section */

/* Begin PBXResourcesBuildPhase section */
		70DF78CB289C1FD7002B40CA /* Resources */ = {
			isa = PBXResourcesBuildPhase;
			buildActionMask = 2147483647;
			files = (
				70DF78DD289C1FD9002B40CA /* LaunchScreen.storyboard in Resources */,
				70DF78DA289C1FD9002B40CA /* Assets.xcassets in Resources */,
				70DF78D8289C1FD7002B40CA /* Main.storyboard in Resources */,
			);
			runOnlyForDeploymentPostprocessing = 0;
		};
/* End PBXResourcesBuildPhase section */

/* Begin PBXSourcesBuildPhase section */
		70DF78C9289C1FD7002B40CA /* Sources */ = {
			isa = PBXSourcesBuildPhase;
			buildActionMask = 2147483647;
			files = (
				70DF78D5289C1FD7002B40CA /* MakerViewController.swift in Sources */,
				70E3D47F28A6B7B800FE64D3 /* GetDaysViewController.swift in Sources */,
				70DF825A28A4088F00D3CCC6 /* GroupsMakerTableViewController.swift in Sources */,
				70DF78D1289C1FD7002B40CA /* AppDelegate.swift in Sources */,
				70DF78E5289C30D4002B40CA /* SavedViewController.swift in Sources */,
				70DF78D3289C1FD7002B40CA /* SceneDelegate.swift in Sources */,
				70EBEBCA28A5609700BB472B /* GroupHourGetterViewController.swift in Sources */,
			);
			runOnlyForDeploymentPostprocessing = 0;
		};
/* End PBXSourcesBuildPhase section */

/* Begin PBXVariantGroup section */
		70DF78D6289C1FD7002B40CA /* Main.storyboard */ = {
			isa = PBXVariantGroup;
			children = (
				70DF78D7289C1FD7002B40CA /* Base */,
			);
			name = Main.storyboard;
			sourceTree = "<group>";
		};
		70DF78DB289C1FD9002B40CA /* LaunchScreen.storyboard */ = {
			isa = PBXVariantGroup;
			children = (
				70DF78DC289C1FD9002B40CA /* Base */,
			);
			name = LaunchScreen.storyboard;
			sourceTree = "<group>";
		};
/* End PBXVariantGroup section */

/* Begin XCBuildConfiguration section */
		70DF78DF289C1FD9002B40CA /* Debug */ = {
			isa = XCBuildConfiguration;
			buildSettings = {
				ALWAYS_SEARCH_USER_PATHS = NO;
				CLANG_ANALYZER_NONNULL = YES;
				CLANG_ANALYZER_NUMBER_OBJECT_CONVERSION = YES_AGGRESSIVE;
				CLANG_CXX_LANGUAGE_STANDARD = "gnu++17";
				CLANG_ENABLE_MODULES = YES;
				CLANG_ENABLE_OBJC_ARC = YES;
				CLANG_ENABLE_OBJC_WEAK = YES;
				CLANG_WARN_BLOCK_CAPTURE_AUTORELEASING = YES;
				CLANG_WARN_BOOL_CONVERSION = YES;
				CLANG_WARN_COMMA = YES;
				CLANG_WARN_CONSTANT_CONVERSION = YES;
				CLANG_WARN_DEPRECATED_OBJC_IMPLEMENTATIONS = YES;
				CLANG_WARN_DIRECT_OBJC_ISA_USAGE = YES_ERROR;
				CLANG_WARN_DOCUMENTATION_COMMENTS = YES;
				CLANG_WARN_EMPTY_BODY = YES;
				CLANG_WARN_ENUM_CONVERSION = YES;
				CLANG_WARN_INFINITE_RECURSION = YES;
				CLANG_WARN_INT_CONVERSION = YES;
				CLANG_WARN_NON_LITERAL_NULL_CONVERSION = YES;
				CLANG_WARN_OBJC_IMPLICIT_RETAIN_SELF = YES;
				CLANG_WARN_OBJC_LITERAL_CONVERSION = YES;
				CLANG_WARN_OBJC_ROOT_CLASS = YES_ERROR;
				CLANG_WARN_QUOTED_INCLUDE_IN_FRAMEWORK_HEADER = YES;
				CLANG_WARN_RANGE_LOOP_ANALYSIS = YES;
				CLANG_WARN_STRICT_PROTOTYPES = YES;
				CLANG_WARN_SUSPICIOUS_MOVE = YES;
				CLANG_WARN_UNGUARDED_AVAILABILITY = YES_AGGRESSIVE;
				CLANG_WARN_UNREACHABLE_CODE = YES;
				CLANG_WARN__DUPLICATE_METHOD_MATCH = YES;
				COPY_PHASE_STRIP = NO;
				DEBUG_INFORMATION_FORMAT = dwarf;
				ENABLE_STRICT_OBJC_MSGSEND = YES;
				ENABLE_TESTABILITY = YES;
				GCC_C_LANGUAGE_STANDARD = gnu11;
				GCC_DYNAMIC_NO_PIC = NO;
				GCC_NO_COMMON_BLOCKS = YES;
				GCC_OPTIMIZATION_LEVEL = 0;
				GCC_PREPROCESSOR_DEFINITIONS = (
					"DEBUG=1",
					"$(inherited)",
				);
				GCC_WARN_64_TO_32_BIT_CONVERSION = YES;
				GCC_WARN_ABOUT_RETURN_TYPE = YES_ERROR;
				GCC_WARN_UNDECLARED_SELECTOR = YES;
				GCC_WARN_UNINITIALIZED_AUTOS = YES_AGGRESSIVE;
				GCC_WARN_UNUSED_FUNCTION = YES;
				GCC_WARN_UNUSED_VARIABLE = YES;
				IPHONEOS_DEPLOYMENT_TARGET = 15.5;
				MTL_ENABLE_DEBUG_INFO = INCLUDE_SOURCE;
				MTL_FAST_MATH = YES;
				ONLY_ACTIVE_ARCH = YES;
				SDKROOT = iphoneos;
				SWIFT_ACTIVE_COMPILATION_CONDITIONS = DEBUG;
				SWIFT_OPTIMIZATION_LEVEL = "-Onone";
			};
			name = Debug;
		};
		70DF78E0289C1FD9002B40CA /* Release */ = {
			isa = XCBuildConfiguration;
			buildSettings = {
				ALWAYS_SEARCH_USER_PATHS = NO;
				CLANG_ANALYZER_NONNULL = YES;
				CLANG_ANALYZER_NUMBER_OBJECT_CONVERSION = YES_AGGRESSIVE;
				CLANG_CXX_LANGUAGE_STANDARD = "gnu++17";
				CLANG_ENABLE_MODULES = YES;
				CLANG_ENABLE_OBJC_ARC = YES;
				CLANG_ENABLE_OBJC_WEAK = YES;
				CLANG_WARN_BLOCK_CAPTURE_AUTORELEASING = YES;
				CLANG_WARN_BOOL_CONVERSION = YES;
				CLANG_WARN_COMMA = YES;
				CLANG_WARN_CONSTANT_CONVERSION = YES;
				CLANG_WARN_DEPRECATED_OBJC_IMPLEMENTATIONS = YES;
				CLANG_WARN_DIRECT_OBJC_ISA_USAGE = YES_ERROR;
				CLANG_WARN_DOCUMENTATION_COMMENTS = YES;
				CLANG_WARN_EMPTY_BODY = YES;
				CLANG_WARN_ENUM_CONVERSION = YES;
				CLANG_WARN_INFINITE_RECURSION = YES;
				CLANG_WARN_INT_CONVERSION = YES;
				CLANG_WARN_NON_LITERAL_NULL_CONVERSION = YES;
				CLANG_WARN_OBJC_IMPLICIT_RETAIN_SELF = YES;
				CLANG_WARN_OBJC_LITERAL_CONVERSION = YES;
				CLANG_WARN_OBJC_ROOT_CLASS = YES_ERROR;
				CLANG_WARN_QUOTED_INCLUDE_IN_FRAMEWORK_HEADER = YES;
				CLANG_WARN_RANGE_LOOP_ANALYSIS = YES;
				CLANG_WARN_STRICT_PROTOTYPES = YES;
				CLANG_WARN_SUSPICIOUS_MOVE = YES;
				CLANG_WARN_UNGUARDED_AVAILABILITY = YES_AGGRESSIVE;
				CLANG_WARN_UNREACHABLE_CODE = YES;
				CLANG_WARN__DUPLICATE_METHOD_MATCH = YES;
				COPY_PHASE_STRIP = NO;
				DEBUG_INFORMATION_FORMAT = "dwarf-with-dsym";
				ENABLE_NS_ASSERTIONS = NO;
				ENABLE_STRICT_OBJC_MSGSEND = YES;
				GCC_C_LANGUAGE_STANDARD = gnu11;
				GCC_NO_COMMON_BLOCKS = YES;
				GCC_WARN_64_TO_32_BIT_CONVERSION = YES;
				GCC_WARN_ABOUT_RETURN_TYPE = YES_ERROR;
				GCC_WARN_UNDECLARED_SELECTOR = YES;
				GCC_WARN_UNINITIALIZED_AUTOS = YES_AGGRESSIVE;
				GCC_WARN_UNUSED_FUNCTION = YES;
				GCC_WARN_UNUSED_VARIABLE = YES;
				IPHONEOS_DEPLOYMENT_TARGET = 15.5;
				MTL_ENABLE_DEBUG_INFO = NO;
				MTL_FAST_MATH = YES;
				SDKROOT = iphoneos;
				SWIFT_COMPILATION_MODE = wholemodule;
				SWIFT_OPTIMIZATION_LEVEL = "-O";
				VALIDATE_PRODUCT = YES;
			};
			name = Release;
		};
		70DF78E2289C1FD9002B40CA /* Debug */ = {
			isa = XCBuildConfiguration;
			buildSettings = {
				ASSETCATALOG_COMPILER_APPICON_NAME = AppIcon;
				ASSETCATALOG_COMPILER_GLOBAL_ACCENT_COLOR_NAME = AccentColor;
				CODE_SIGN_STYLE = Automatic;
				CURRENT_PROJECT_VERSION = 1;
				GENERATE_INFOPLIST_FILE = YES;
				INFOPLIST_FILE = scheduler/Info.plist;
				INFOPLIST_KEY_UIApplicationSupportsIndirectInputEvents = YES;
				INFOPLIST_KEY_UILaunchStoryboardName = LaunchScreen;
				INFOPLIST_KEY_UIMainStoryboardFile = Main;
				INFOPLIST_KEY_UISupportedInterfaceOrientations = UIInterfaceOrientationPortrait;
				INFOPLIST_KEY_UISupportedInterfaceOrientations_iPad = "UIInterfaceOrientationPortrait UIInterfaceOrientationPortraitUpsideDown UIInterfaceOrientationLandscapeLeft UIInterfaceOrientationLandscapeRight";
				INFOPLIST_KEY_UISupportedInterfaceOrientations_iPhone = "UIInterfaceOrientationPortrait UIInterfaceOrientationLandscapeLeft UIInterfaceOrientationLandscapeRight";
				LD_RUNPATH_SEARCH_PATHS = (
					"$(inherited)",
					"@executable_path/Frameworks",
				);
				MARKETING_VERSION = 1.0;
				PRODUCT_BUNDLE_IDENTIFIER = ioslab.scheduler;
				PRODUCT_NAME = "$(TARGET_NAME)";
				SWIFT_EMIT_LOC_STRINGS = YES;
				SWIFT_VERSION = 5.0;
				TARGETED_DEVICE_FAMILY = "1,2";
			};
			name = Debug;
		};
		70DF78E3289C1FD9002B40CA /* Release */ = {
			isa = XCBuildConfiguration;
			buildSettings = {
				ASSETCATALOG_COMPILER_APPICON_NAME = AppIcon;
				ASSETCATALOG_COMPILER_GLOBAL_ACCENT_COLOR_NAME = AccentColor;
				CODE_SIGN_STYLE = Automatic;
				CURRENT_PROJECT_VERSION = 1;
				GENERATE_INFOPLIST_FILE = YES;
				INFOPLIST_FILE = scheduler/Info.plist;
				INFOPLIST_KEY_UIApplicationSupportsIndirectInputEvents = YES;
				INFOPLIST_KEY_UILaunchStoryboardName = LaunchScreen;
				INFOPLIST_KEY_UIMainStoryboardFile = Main;
				INFOPLIST_KEY_UISupportedInterfaceOrientations = UIInterfaceOrientationPortrait;
				INFOPLIST_KEY_UISupportedInterfaceOrientations_iPad = "UIInterfaceOrientationPortrait UIInterfaceOrientationPortraitUpsideDown UIInterfaceOrientationLandscapeLeft UIInterfaceOrientationLandscapeRight";
				INFOPLIST_KEY_UISupportedInterfaceOrientations_iPhone = "UIInterfaceOrientationPortrait UIInterfaceOrientationLandscapeLeft UIInterfaceOrientationLandscapeRight";
				LD_RUNPATH_SEARCH_PATHS = (
					"$(inherited)",
					"@executable_path/Frameworks",
				);
				MARKETING_VERSION = 1.0;
				PRODUCT_BUNDLE_IDENTIFIER = ioslab.scheduler;
				PRODUCT_NAME = "$(TARGET_NAME)";
				SWIFT_EMIT_LOC_STRINGS = YES;
				SWIFT_VERSION = 5.0;
				TARGETED_DEVICE_FAMILY = "1,2";
			};
			name = Release;
		};
/* End XCBuildConfiguration section */

/* Begin XCConfigurationList section */
		70DF78C8289C1FD7002B40CA /* Build configuration list for PBXProject "scheduler" */ = {
			isa = XCConfigurationList;
			buildConfigurations = (
				70DF78DF289C1FD9002B40CA /* Debug */,
				70DF78E0289C1FD9002B40CA /* Release */,
			);
			defaultConfigurationIsVisible = 0;
			defaultConfigurationName = Release;
		};
		70DF78E1289C1FD9002B40CA /* Build configuration list for PBXNativeTarget "scheduler" */ = {
			isa = XCConfigurationList;
			buildConfigurations = (
				70DF78E2289C1FD9002B40CA /* Debug */,
				70DF78E3289C1FD9002B40CA /* Release */,
			);
			defaultConfigurationIsVisible = 0;
			defaultConfigurationName = Release;
		};
/* End XCConfigurationList section */
	};
	rootObject = 70DF78C5289C1FD7002B40CA /* Project object */;
}
